Microsoft Visual Studio Solution File, Format Version 11.00
# Visual Studio 2010
Project("{F184B08F-C81C-45F6-A57F-5ABD9991F28F}") = "TransposeXRTable", "TransposeXRTable.vbproj", "{A4958B71-8767-4D81-8947-552ABA37A9AE}"
EndProject
Global
	GlobalSection(SolutionConfigurationPlatforms) = preSolution
		Debug|Any CPU = Debug|Any CPU
		Release|Any CPU = Release|Any CPU
	EndGlobalSection
	GlobalSection(ProjectConfigurationPlatforms) = postSolution
		{A4958B71-8767-4D81-8947-552ABA37A9AE}.Debug|Any CPU.ActiveCfg = Debug|Any CPU
		{A4958B71-8767-4D81-8947-552ABA37A9AE}.Debug|Any CPU.Build.0 = Debug|Any CPU
		{A4958B71-8767-4D81-8947-552ABA37A9AE}.Release|Any CPU.ActiveCfg = Release|Any CPU
		{A4958B71-8767-4D81-8947-552ABA37A9AE}.Release|Any CPU.Build.0 = Release|Any CPU
	EndGlobalSection
	GlobalSection(SolutionProperties) = preSolution
		HideSolutionNode = FALSE
	EndGlobalSection
EndGlobal
